// !$*UTF8*$!
{
	archiveVersion = 1;
	classes = {
	};
	objectVersion = 46;
	objects = {

/* Begin PBXBuildFile section */
		16331C5A1DC680A200CB7A47 /* show_renderer_version.cpp in Sources */ = {isa = PBXBuildFile; fileRef = 16331C591DC680A200CB7A47 /* show_renderer_version.cpp */; };
		16331C611DC6811C00CB7A47 /* OpenGL.framework in Frameworks */ = {isa = PBXBuildFile; fileRef = 16331C601DC6811C00CB7A47 /* OpenGL.framework */; };
		16331C631DC6835300CB7A47 /* libGLEW.2.0.0.dylib in Frameworks */ = {isa = PBXBuildFile; fileRef = 16331C621DC6835300CB7A47 /* libGLEW.2.0.0.dylib */; };
		16331C651DC6837B00CB7A47 /* libglfw3.3.2.dylib in Frameworks */ = {isa = PBXBuildFile; fileRef = 16331C641DC6837B00CB7A47 /* libglfw3.3.2.dylib */; };
		16331C671DC6896400CB7A47 /* basic_triangle.cpp in Sources */ = {isa = PBXBuildFile; fileRef = 16331C661DC6896400CB7A47 /* basic_triangle.cpp */; settings = {ASSET_TAGS = (); }; };
		16331C691DC695E500CB7A47 /* basic_square.cpp in Sources */ = {isa = PBXBuildFile; fileRef = 16331C681DC695E500CB7A47 /* basic_square.cpp */; settings = {ASSET_TAGS = (); }; };
/* End PBXBuildFile section */

/* Begin PBXCopyFilesBuildPhase section */
		16331C541DC680A200CB7A47 /* CopyFiles */ = {
			isa = PBXCopyFilesBuildPhase;
			buildActionMask = 2147483647;
			dstPath = /usr/share/man/man1/;
			dstSubfolderSpec = 0;
			files = (
			);
			runOnlyForDeploymentPostprocessing = 1;
		};
/* End PBXCopyFilesBuildPhase section */

/* Begin PBXFileReference section */
		16331C561DC680A200CB7A47 /* OpenGlLearn */ = {isa = PBXFileReference; explicitFileType = "compiled.mach-o.executable"; includeInIndex = 0; path = OpenGlLearn; sourceTree = BUILT_PRODUCTS_DIR; };
		16331C591DC680A200CB7A47 /* show_renderer_version.cpp */ = {isa = PBXFileReference; lastKnownFileType = sourcecode.cpp.cpp; path = show_renderer_version.cpp; sourceTree = "<group>"; };
		16331C601DC6811C00CB7A47 /* OpenGL.framework */ = {isa = PBXFileReference; lastKnownFileType = wrapper.framework; name = OpenGL.framework; path = System/Library/Frameworks/OpenGL.framework; sourceTree = SDKROOT; };
		16331C621DC6835300CB7A47 /* libGLEW.2.0.0.dylib */ = {isa = PBXFileReference; lastKnownFileType = "compiled.mach-o.dylib"; name = libGLEW.2.0.0.dylib; path = ../../../../../../usr/local/Cellar/glew/2.0.0/lib/libGLEW.2.0.0.dylib; sourceTree = "<group>"; };
		16331C641DC6837B00CB7A47 /* libglfw3.3.2.dylib */ = {isa = PBXFileReference; lastKnownFileType = "compiled.mach-o.dylib"; name = libglfw3.3.2.dylib; path = ../../../../../../usr/local/Cellar/glfw3/3.2.1/lib/libglfw3.3.2.dylib; sourceTree = "<group>"; };
		16331C661DC6896400CB7A47 /* basic_triangle.cpp */ = {isa = PBXFileReference; fileEncoding = 4; lastKnownFileType = sourcecode.cpp.cpp; path = basic_triangle.cpp; sourceTree = "<group>"; };
		16331C681DC695E500CB7A47 /* basic_square.cpp */ = {isa = PBXFileReference; fileEncoding = 4; lastKnownFileType = sourcecode.cpp.cpp; path = basic_square.cpp; sourceTree = "<group>"; };
		164270291DD264C100A14026 /* test.vert */ = {isa = PBXFileReference; fileEncoding = 4; lastKnownFileType = sourcecode.glsl; path = test.vert; sourceTree = "<group>"; };
		1642702A1DD2652B00A14026 /* test.frag */ = {isa = PBXFileReference; fileEncoding = 4; lastKnownFileType = sourcecode.glsl; path = test.frag; sourceTree = "<group>"; };
/* End PBXFileReference section */

/* Begin PBXFrameworksBuildPhase section */
		16331C531DC680A200CB7A47 /* Frameworks */ = {
			isa = PBXFrameworksBuildPhase;
			buildActionMask = 2147483647;
			files = (
				16331C651DC6837B00CB7A47 /* libglfw3.3.2.dylib in Frameworks */,
				16331C631DC6835300CB7A47 /* libGLEW.2.0.0.dylib in Frameworks */,
				16331C611DC6811C00CB7A47 /* OpenGL.framework in Frameworks */,
			);
			runOnlyForDeploymentPostprocessing = 0;
		};
/* End PBXFrameworksBuildPhase section */

/* Begin PBXGroup section */
		16331C4D1DC680A200CB7A47 = {
			isa = PBXGroup;
			children = (
				16331C641DC6837B00CB7A47 /* libglfw3.3.2.dylib */,
				16331C621DC6835300CB7A47 /* libGLEW.2.0.0.dylib */,
				16331C601DC6811C00CB7A47 /* OpenGL.framework */,
				16331C581DC680A200CB7A47 /* OpenGlLearn */,
				16331C571DC680A200CB7A47 /* Products */,
			);
			sourceTree = "<group>";
		};
		16331C571DC680A200CB7A47 /* Products */ = {
			isa = PBXGroup;
			children = (
				16331C561DC680A200CB7A47 /* OpenGlLearn */,
			);
			name = Products;
			sourceTree = "<group>";
		};
		16331C581DC680A200CB7A47 /* OpenGlLearn */ = {
			isa = PBXGroup;
			children = (
				164270251DD2644500A14026 /* shaders */,
				16331C591DC680A200CB7A47 /* show_renderer_version.cpp */,
				16331C661DC6896400CB7A47 /* basic_triangle.cpp */,
				16331C681DC695E500CB7A47 /* basic_square.cpp */,
			);
			path = OpenGlLearn;
			sourceTree = "<group>";
		};
		164270251DD2644500A14026 /* shaders */ = {
			isa = PBXGroup;
			children = (
				164270291DD264C100A14026 /* test.vert */,
				1642702A1DD2652B00A14026 /* test.frag */,
			);
			name = shaders;
			sourceTree = "<group>";
		};
/* End PBXGroup section */

/* Begin PBXNativeTarget section */
		16331C551DC680A200CB7A47 /* OpenGlLearn */ = {
			isa = PBXNativeTarget;
			buildConfigurationList = 16331C5D1DC680A200CB7A47 /* Build configuration list for PBXNativeTarget "OpenGlLearn" */;
			buildPhases = (
				16331C521DC680A200CB7A47 /* Sources */,
				16331C531DC680A200CB7A47 /* Frameworks */,
				16331C541DC680A200CB7A47 /* CopyFiles */,
			);
			buildRules = (
			);
			dependencies = (
			);
			name = OpenGlLearn;
			productName = OpenGlLearn;
			productReference = 16331C561DC680A200CB7A47 /* OpenGlLearn */;
			productType = "com.apple.product-type.tool";
		};
/* End PBXNativeTarget section */

/* Begin PBXProject section */
		16331C4E1DC680A200CB7A47 /* Project object */ = {
			isa = PBXProject;
			attributes = {
				LastUpgradeCheck = 0700;
				ORGANIZATIONNAME = ison;
				TargetAttributes = {
					16331C551DC680A200CB7A47 = {
						CreatedOnToolsVersion = 7.0.1;
					};
				};
			};
			buildConfigurationList = 16331C511DC680A200CB7A47 /* Build configuration list for PBXProject "OpenGlLearn" */;
			compatibilityVersion = "Xcode 3.2";
			developmentRegion = English;
			hasScannedForEncodings = 0;
			knownRegions = (
				en,
			);
			mainGroup = 16331C4D1DC680A200CB7A47;
			productRefGroup = 16331C571DC680A200CB7A47 /* Products */;
			projectDirPath = "";
			projectRoot = "";
			targets = (
				16331C551DC680A200CB7A47 /* OpenGlLearn */,
			);
		};
/* End PBXProject section */

/* Begin PBXSourcesBuildPhase section */
		16331C521DC680A200CB7A47 /* Sources */ = {
			isa = PBXSourcesBuildPhase;
			buildActionMask = 2147483647;
			files = (
				16331C5A1DC680A200CB7A47 /* show_renderer_version.cpp in Sources */,
				16331C691DC695E500CB7A47 /* basic_square.cpp in Sources */,
				16331C671DC6896400CB7A47 /* basic_triangle.cpp in Sources */,
			);
			runOnlyForDeploymentPostprocessing = 0;
		};
/* End PBXSourcesBuildPhase section */

/* Begin XCBuildConfiguration section */
		16331C5B1DC680A200CB7A47 /* Debug */ = {
			isa = XCBuildConfiguration;
			buildSettings = {
				ALWAYS_SEARCH_USER_PATHS = NO;
				CLANG_CXX_LANGUAGE_STANDARD = "gnu++0x";
				CLANG_CXX_LIBRARY = "libc++";
				CLANG_ENABLE_MODULES = YES;
				CLANG_ENABLE_OBJC_ARC = YES;
				CLANG_WARN_BOOL_CONVERSION = YES;
				CLANG_WARN_CONSTANT_CONVERSION = YES;
				CLANG_WARN_DIRECT_OBJC_ISA_USAGE = YES_ERROR;
				CLANG_WARN_EMPTY_BODY = YES;
				CLANG_WARN_ENUM_CONVERSION = YES;
				CLANG_WARN_INT_CONVERSION = YES;
				CLANG_WARN_OBJC_ROOT_CLASS = YES_ERROR;
				CLANG_WARN_UNREACHABLE_CODE = YES;
				CLANG_WARN__DUPLICATE_METHOD_MATCH = YES;
				COPY_PHASE_STRIP = NO;
				DEBUG_INFORMATION_FORMAT = dwarf;
				ENABLE_STRICT_OBJC_MSGSEND = YES;
				ENABLE_TESTABILITY = YES;
				GCC_C_LANGUAGE_STANDARD = gnu99;
				GCC_DYNAMIC_NO_PIC = NO;
				GCC_NO_COMMON_BLOCKS = YES;
				GCC_OPTIMIZATION_LEVEL = 0;
				GCC_PREPROCESSOR_DEFINITIONS = (
					"DEBUG=1",
					"$(inherited)",
				);
				GCC_WARN_64_TO_32_BIT_CONVERSION = YES;
				GCC_WARN_ABOUT_RETURN_TYPE = YES_ERROR;
				GCC_WARN_UNDECLARED_SELECTOR = YES;
				GCC_WARN_UNINITIALIZED_AUTOS = YES_AGGRESSIVE;
				GCC_WARN_UNUSED_FUNCTION = YES;
				GCC_WARN_UNUSED_VARIABLE = YES;
				MACOSX_DEPLOYMENT_TARGET = 10.11;
				MTL_ENABLE_DEBUG_INFO = YES;
				ONLY_ACTIVE_ARCH = YES;
				SDKROOT = macosx;
			};
			name = Debug;
		};
		16331C5C1DC680A200CB7A47 /* Release */ = {
			isa = XCBuildConfiguration;
			buildSettings = {
				ALWAYS_SEARCH_USER_PATHS = NO;
				CLANG_CXX_LANGUAGE_STANDARD = "gnu++0x";
				CLANG_CXX_LIBRARY = "libc++";
				CLANG_ENABLE_MODULES = YES;
				CLANG_ENABLE_OBJC_ARC = YES;
				CLANG_WARN_BOOL_CONVERSION = YES;
				CLANG_WARN_CONSTANT_CONVERSION = YES;
				CLANG_WARN_DIRECT_OBJC_ISA_USAGE = YES_ERROR;
				CLANG_WARN_EMPTY_BODY = YES;
				CLANG_WARN_ENUM_CONVERSION = YES;
				CLANG_WARN_INT_CONVERSION = YES;
				CLANG_WARN_OBJC_ROOT_CLASS = YES_ERROR;
				CLANG_WARN_UNREACHABLE_CODE = YES;
				CLANG_WARN__DUPLICATE_METHOD_MATCH = YES;
				COPY_PHASE_STRIP = NO;
				DEBUG_INFORMATION_FORMAT = "dwarf-with-dsym";
				ENABLE_NS_ASSERTIONS = NO;
				ENABLE_STRICT_OBJC_MSGSEND = YES;
				GCC_C_LANGUAGE_STANDARD = gnu99;
				GCC_NO_COMMON_BLOCKS = YES;
				GCC_WARN_64_TO_32_BIT_CONVERSION = YES;
				GCC_WARN_ABOUT_RETURN_TYPE = YES_ERROR;
				GCC_WARN_UNDECLARED_SELECTOR = YES;
				GCC_WARN_UNINITIALIZED_AUTOS = YES_AGGRESSIVE;
				GCC_WARN_UNUSED_FUNCTION = YES;
				GCC_WARN_UNUSED_VARIABLE = YES;
				MACOSX_DEPLOYMENT_TARGET = 10.11;
				MTL_ENABLE_DEBUG_INFO = NO;
				SDKROOT = macosx;
			};
			name = Release;
		};
		16331C5E1DC680A200CB7A47 /* Debug */ = {
			isa = XCBuildConfiguration;
			buildSettings = {
				HEADER_SEARCH_PATHS = /usr/local/include;
				LIBRARY_SEARCH_PATHS = (
					"$(inherited)",
					/usr/local/Cellar/glew/2.0.0/lib,
					/usr/local/Cellar/glfw3/3.2.1/lib,
				);
				PRODUCT_NAME = "$(TARGET_NAME)";
			};
			name = Debug;
		};
		16331C5F1DC680A200CB7A47 /* Release */ = {
			isa = XCBuildConfiguration;
			buildSettings = {
				HEADER_SEARCH_PATHS = /usr/local/include;
				LIBRARY_SEARCH_PATHS = (
					"$(inherited)",
					/usr/local/Cellar/glew/2.0.0/lib,
					/usr/local/Cellar/glfw3/3.2.1/lib,
				);
				PRODUCT_NAME = "$(TARGET_NAME)";
			};
			name = Release;
		};
/* End XCBuildConfiguration section */

/* Begin XCConfigurationList section */
		16331C511DC680A200CB7A47 /* Build configuration list for PBXProject "OpenGlLearn" */ = {
			isa = XCConfigurationList;
			buildConfigurations = (
				16331C5B1DC680A200CB7A47 /* Debug */,
				16331C5C1DC680A200CB7A47 /* Release */,
			);
			defaultConfigurationIsVisible = 0;
			defaultConfigurationName = Release;
		};
		16331C5D1DC680A200CB7A47 /* Build configuration list for PBXNativeTarget "OpenGlLearn" */ = {
			isa = XCConfigurationList;
			buildConfigurations = (
				16331C5E1DC680A200CB7A47 /* Debug */,
				16331C5F1DC680A200CB7A47 /* Release */,
			);
			defaultConfigurationIsVisible = 0;
			defaultConfigurationName = Release;
		};
/* End XCConfigurationList section */
	};
	rootObject = 16331C4E1DC680A200CB7A47 /* Project object */;
}
